
Microsoft Visual Studio Solution File, Format Version 12.00
# Visual Studio Version 17
VisualStudioVersion = 17.5.002.0
MinimumVisualStudioVersion = 10.0.40219.1
Project("{9A19103F-16F7-4668-BE54-9A1E7A4F7556}") = "k8-pico-frontend", "frontend\k8-pico-frontend.csproj", "{D49CBC89-A668-495B-BAFE-C3F8B57769AB}"
EndProject
Global
	GlobalSection(SolutionConfigurationPlatforms) = preSolution
		Debug|Any CPU = Debug|Any CPU
		Release|Any CPU = Release|Any CPU
	EndGlobalSection
	GlobalSection(ProjectConfigurationPlatforms) = postSolution
		{D49CBC89-A668-495B-BAFE-C3F8B57769AB}.Debug|Any CPU.ActiveCfg = Debug|Any CPU
		{D49CBC89-A668-495B-BAFE-C3F8B57769AB}.Debug|Any CPU.Build.0 = Debug|Any CPU
		{D49CBC89-A668-495B-BAFE-C3F8B57769AB}.Release|Any CPU.ActiveCfg = Release|Any CPU
		{D49CBC89-A668-495B-BAFE-C3F8B57769AB}.Release|Any CPU.Build.0 = Release|Any CPU
	EndGlobalSection
	GlobalSection(SolutionProperties) = preSolution
		HideSolutionNode = FALSE
	EndGlobalSection
	GlobalSection(ExtensibilityGlobals) = postSolution
		SolutionGuid = {85F1291A-38C7-4928-A290-2130EDF2CF0E}
	EndGlobalSection
EndGlobal
